{
 "files": {
  "coverage.json": {
   "bytes": 85210,
   "sha256": "412bca9e4f2f4243ccf5b2960eae1bd4b3b1d3f85dbc46106af7c79669b3ed5d"
  },
  "excluded.json": {
   "bytes": 432,
   "sha256": "11e1957d2870ff21e69673827f066e3f740a4342e07d49b4aaac8c4ca01ec17d"
  },
  "utterances.jsonl": {
   "bytes": 208883,
   "sha256": "a8a0bd1d51bc6751c0a2071081252b535e3c1c954d677117aca0b485b8999441"
  }
 },
 "lane": "project shelf founder-vision/ (utterances.jsonl, excluded.json, coverage-depth.json); Drive walshero/Claude_files/founder-vision/ holds excluded.json",
 "utterances": 484,
 "written": "2026-10-11T04:00Z"
}
